
Microsoft Visual Studio Solution File, Format Version 12.00
# Visual Studio Version 16
VisualStudioVersion = 16.0.31402.337
MinimumVisualStudioVersion = 10.0.40219.1
Project("{FAE04EC0-301F-11D3-BF4B-00C04F79EFBC}") = "TemporizadorContagemRegressiva", "TemporizadorContagemRegressiva.csproj", "{ACE0C14D-913D-4E59-8892-2463160CD4A4}"
EndProject
Global
	GlobalSection(SolutionConfigurationPlatforms) = preSolution
		Debug|Any CPU = Debug|Any CPU
		Release|Any CPU = Release|Any CPU
	EndGlobalSection
	GlobalSection(ProjectConfigurationPlatforms) = postSolution
		{ACE0C14D-913D-4E59-8892-2463160CD4A4}.Debug|Any CPU.ActiveCfg = Debug|Any CPU
		{ACE0C14D-913D-4E59-8892-2463160CD4A4}.Debug|Any CPU.Build.0 = Debug|Any CPU
		{ACE0C14D-913D-4E59-8892-2463160CD4A4}.Release|Any CPU.ActiveCfg = Release|Any CPU
		{ACE0C14D-913D-4E59-8892-2463160CD4A4}.Release|Any CPU.Build.0 = Release|Any CPU
	EndGlobalSection
	GlobalSection(SolutionProperties) = preSolution
		HideSolutionNode = FALSE
	EndGlobalSection
	GlobalSection(ExtensibilityGlobals) = postSolution
		SolutionGuid = {949C6552-A374-49C4-9E48-E78B1F771491}
	EndGlobalSection
EndGlobal
